
Microsoft Visual Studio Solution File, Format Version 12.00
# Visual Studio Version 16
VisualStudioVersion = 16.0.32428.217
MinimumVisualStudioVersion = 10.0.40219.1
Project("{FAE04EC0-301F-11D3-BF4B-00C04F79EFBC}") = "FileManager", "FileManager\FileManager.csproj", "{B7C1204E-C994-4733-8293-7FCC1501E7A2}"
EndProject
Global
	GlobalSection(SolutionConfigurationPlatforms) = preSolution
		Debug|Any CPU = Debug|Any CPU
		Release|Any CPU = Release|Any CPU
	EndGlobalSection
	GlobalSection(ProjectConfigurationPlatforms) = postSolution
		{B7C1204E-C994-4733-8293-7FCC1501E7A2}.Debug|Any CPU.ActiveCfg = Debug|Any CPU
		{B7C1204E-C994-4733-8293-7FCC1501E7A2}.Debug|Any CPU.Build.0 = Debug|Any CPU
		{B7C1204E-C994-4733-8293-7FCC1501E7A2}.Release|Any CPU.ActiveCfg = Release|Any CPU
		{B7C1204E-C994-4733-8293-7FCC1501E7A2}.Release|Any CPU.Build.0 = Release|Any CPU
	EndGlobalSection
	GlobalSection(SolutionProperties) = preSolution
		HideSolutionNode = FALSE
	EndGlobalSection
	GlobalSection(ExtensibilityGlobals) = postSolution
		SolutionGuid = {B5BF61C8-564C-48D4-B8C0-D38BC6A1F209}
	EndGlobalSection
EndGlobal
